
Microsoft Visual Studio Solution File, Format Version 12.00
# Visual Studio 14
VisualStudioVersion = 14.0.25420.1
MinimumVisualStudioVersion = 10.0.40219.1
Project("{FAE04EC0-301F-11D3-BF4B-00C04F79EFBC}") = "ZSZ.Common", "ZSZ.Common\ZSZ.Common.csproj", "{7B411DFC-8A80-4FCE-9D00-980B7C0FA3A5}"
EndProject
Project("{FAE04EC0-301F-11D3-BF4B-00C04F79EFBC}") = "MyIBLL", "MyIBLL\MyIBLL.csproj", "{5DCF6830-CA64-4FB2-88E9-6BFE3A6F316A}"
EndProject
Project("{FAE04EC0-301F-11D3-BF4B-00C04F79EFBC}") = "MyBll", "MyBll\MyBll.csproj", "{6A9CD96C-9C8B-4202-8B94-CC672A9EBA58}"
EndProject
Project("{FAE04EC0-301F-11D3-BF4B-00C04F79EFBC}") = "ZSZ.Tests", "ZSZ.Tests\ZSZ.Tests.csproj", "{8B238F41-84E0-49BD-844D-C1BFA8B8FB8D}"
EndProject
Project("{2150E333-8FDC-42A3-9474-1A3956D46DE8}") = "Test", "Test", "{400B198B-2675-4717-80C3-BE491C54B133}"
EndProject
Project("{FAE04EC0-301F-11D3-BF4B-00C04F79EFBC}") = "Tests", "Tests\Tests.csproj", "{FE4B25FF-9475-4A46-B74D-081B182236B6}"
EndProject
Project("{FAE04EC0-301F-11D3-BF4B-00C04F79EFBC}") = "TestIService", "TestIService\TestIService.csproj", "{FACBE4EE-511C-4CE2-BE87-7D818446F606}"
EndProject
Project("{FAE04EC0-301F-11D3-BF4B-00C04F79EFBC}") = "TestService", "TestService\TestService.csproj", "{B1966193-16A0-46C3-B44C-D7BF211650C1}"
EndProject
Project("{FAE04EC0-301F-11D3-BF4B-00C04F79EFBC}") = "ZSZ.CommonMVC", "ZSZ.CommonMVC\ZSZ.CommonMVC.csproj", "{612DC32D-EC2A-4CAF-856F-199AD7D06422}"
EndProject
Project("{FAE04EC0-301F-11D3-BF4B-00C04F79EFBC}") = "modelBinder", "modelBinder\modelBinder.csproj", "{F1969EEA-158C-44F7-AF0E-7025E3A2CD6B}"
EndProject
Project("{FAE04EC0-301F-11D3-BF4B-00C04F79EFBC}") = "ZSZ.Service", "ZSZ.Service\ZSZ.Service.csproj", "{53837456-B9DF-4ADB-BD5A-CF092AD1370E}"
EndProject
Project("{FAE04EC0-301F-11D3-BF4B-00C04F79EFBC}") = "ZSZ.IService", "ZSZ.IService\ZSZ.IService.csproj", "{C3EF86B1-748B-4FC2-B531-E76A62C4ABD5}"
EndProject
Project("{FAE04EC0-301F-11D3-BF4B-00C04F79EFBC}") = "ZSZ.DTO", "ZSZ.DTO\ZSZ.DTO.csproj", "{2895DC99-D5EA-4298-8E97-1B9E9E5694ED}"
EndProject
Project("{FAE04EC0-301F-11D3-BF4B-00C04F79EFBC}") = "ZSZ.AdminWeb", "ZSZ.AdminWeb\ZSZ.AdminWeb.csproj", "{344A63C5-2E44-4022-B55B-02737BB5CD4C}"
EndProject
Project("{FAE04EC0-301F-11D3-BF4B-00C04F79EFBC}") = "ZSZ.FrontWeb", "ZSZ.FrontWeb\ZSZ.FrontWeb.csproj", "{E16FD67F-2F1C-4C3E-9006-BF6F593E90CB}"
EndProject
Project("{2150E333-8FDC-42A3-9474-1A3956D46DE8}") = "unittest", "unittest", "{CAA18C53-9E8B-4EB0-B3C7-1BDE728A7748}"
EndProject
Project("{FAE04EC0-301F-11D3-BF4B-00C04F79EFBC}") = "ServiceTests", "ServiceTests\ServiceTests.csproj", "{080AEE9D-ED29-4C24-90EC-58AE8EE655B3}"
EndProject
Project("{FAE04EC0-301F-11D3-BF4B-00C04F79EFBC}") = "锁", "锁\锁.csproj", "{4C4F9AC6-CA5D-4469-B92E-67D5F782B145}"
EndProject
Project("{FAE04EC0-301F-11D3-BF4B-00C04F79EFBC}") = "QiNiuTest", "QiNiuTest\QiNiuTest.csproj", "{FA0BE50B-379F-4FDA-88DA-13EB9CDC5977}"
EndProject
Project("{FAE04EC0-301F-11D3-BF4B-00C04F79EFBC}") = "memcachedtest", "memcachedtest\memcachedtest.csproj", "{2AFDC305-D504-4430-B5AC-377CE09C5821}"
EndProject
Project("{FAE04EC0-301F-11D3-BF4B-00C04F79EFBC}") = "redistest", "redistest\redistest.csproj", "{F47AC8CE-E9AC-4671-B47C-5DDE174F23A2}"
EndProject
Project("{FAE04EC0-301F-11D3-BF4B-00C04F79EFBC}") = "viewrendertest", "viewrendertest\viewrendertest.csproj", "{04D48145-ED04-43CC-A839-86B3F63CEFD9}"
EndProject
Project("{FAE04EC0-301F-11D3-BF4B-00C04F79EFBC}") = "ElasticSearchTest", "ElasticSearchTest\ElasticSearchTest.csproj", "{47CCE2D1-CDA6-4359-9AAF-8D56CAA86B5C}"
EndProject
Global
	GlobalSection(SolutionConfigurationPlatforms) = preSolution
		Debug|Any CPU = Debug|Any CPU
		Release|Any CPU = Release|Any CPU
	EndGlobalSection
	GlobalSection(ProjectConfigurationPlatforms) = postSolution
		{7B411DFC-8A80-4FCE-9D00-980B7C0FA3A5}.Debug|Any CPU.ActiveCfg = Debug|Any CPU
		{7B411DFC-8A80-4FCE-9D00-980B7C0FA3A5}.Debug|Any CPU.Build.0 = Debug|Any CPU
		{7B411DFC-8A80-4FCE-9D00-980B7C0FA3A5}.Release|Any CPU.ActiveCfg = Release|Any CPU
		{7B411DFC-8A80-4FCE-9D00-980B7C0FA3A5}.Release|Any CPU.Build.0 = Release|Any CPU
		{5DCF6830-CA64-4FB2-88E9-6BFE3A6F316A}.Debug|Any CPU.ActiveCfg = Debug|Any CPU
		{5DCF6830-CA64-4FB2-88E9-6BFE3A6F316A}.Debug|Any CPU.Build.0 = Debug|Any CPU
		{5DCF6830-CA64-4FB2-88E9-6BFE3A6F316A}.Release|Any CPU.ActiveCfg = Release|Any CPU
		{5DCF6830-CA64-4FB2-88E9-6BFE3A6F316A}.Release|Any CPU.Build.0 = Release|Any CPU
		{6A9CD96C-9C8B-4202-8B94-CC672A9EBA58}.Debug|Any CPU.ActiveCfg = Debug|Any CPU
		{6A9CD96C-9C8B-4202-8B94-CC672A9EBA58}.Debug|Any CPU.Build.0 = Debug|Any CPU
		{6A9CD96C-9C8B-4202-8B94-CC672A9EBA58}.Release|Any CPU.ActiveCfg = Release|Any CPU
		{6A9CD96C-9C8B-4202-8B94-CC672A9EBA58}.Release|Any CPU.Build.0 = Release|Any CPU
		{8B238F41-84E0-49BD-844D-C1BFA8B8FB8D}.Debug|Any CPU.ActiveCfg = Debug|Any CPU
		{8B238F41-84E0-49BD-844D-C1BFA8B8FB8D}.Debug|Any CPU.Build.0 = Debug|Any CPU
		{8B238F41-84E0-49BD-844D-C1BFA8B8FB8D}.Release|Any CPU.ActiveCfg = Release|Any CPU
		{8B238F41-84E0-49BD-844D-C1BFA8B8FB8D}.Release|Any CPU.Build.0 = Release|Any CPU
		{FE4B25FF-9475-4A46-B74D-081B182236B6}.Debug|Any CPU.ActiveCfg = Debug|Any CPU
		{FE4B25FF-9475-4A46-B74D-081B182236B6}.Debug|Any CPU.Build.0 = Debug|Any CPU
		{FE4B25FF-9475-4A46-B74D-081B182236B6}.Release|Any CPU.ActiveCfg = Release|Any CPU
		{FE4B25FF-9475-4A46-B74D-081B182236B6}.Release|Any CPU.Build.0 = Release|Any CPU
		{FACBE4EE-511C-4CE2-BE87-7D818446F606}.Debug|Any CPU.ActiveCfg = Debug|Any CPU
		{FACBE4EE-511C-4CE2-BE87-7D818446F606}.Debug|Any CPU.Build.0 = Debug|Any CPU
		{FACBE4EE-511C-4CE2-BE87-7D818446F606}.Release|Any CPU.ActiveCfg = Release|Any CPU
		{FACBE4EE-511C-4CE2-BE87-7D818446F606}.Release|Any CPU.Build.0 = Release|Any CPU
		{B1966193-16A0-46C3-B44C-D7BF211650C1}.Debug|Any CPU.ActiveCfg = Debug|Any CPU
		{B1966193-16A0-46C3-B44C-D7BF211650C1}.Debug|Any CPU.Build.0 = Debug|Any CPU
		{B1966193-16A0-46C3-B44C-D7BF211650C1}.Release|Any CPU.ActiveCfg = Release|Any CPU
		{B1966193-16A0-46C3-B44C-D7BF211650C1}.Release|Any CPU.Build.0 = Release|Any CPU
		{612DC32D-EC2A-4CAF-856F-199AD7D06422}.Debug|Any CPU.ActiveCfg = Debug|Any CPU
		{612DC32D-EC2A-4CAF-856F-199AD7D06422}.Debug|Any CPU.Build.0 = Debug|Any CPU
		{612DC32D-EC2A-4CAF-856F-199AD7D06422}.Release|Any CPU.ActiveCfg = Release|Any CPU
		{612DC32D-EC2A-4CAF-856F-199AD7D06422}.Release|Any CPU.Build.0 = Release|Any CPU
		{F1969EEA-158C-44F7-AF0E-7025E3A2CD6B}.Debug|Any CPU.ActiveCfg = Debug|Any CPU
		{F1969EEA-158C-44F7-AF0E-7025E3A2CD6B}.Debug|Any CPU.Build.0 = Debug|Any CPU
		{F1969EEA-158C-44F7-AF0E-7025E3A2CD6B}.Release|Any CPU.ActiveCfg = Release|Any CPU
		{F1969EEA-158C-44F7-AF0E-7025E3A2CD6B}.Release|Any CPU.Build.0 = Release|Any CPU
		{53837456-B9DF-4ADB-BD5A-CF092AD1370E}.Debug|Any CPU.ActiveCfg = Debug|Any CPU
		{53837456-B9DF-4ADB-BD5A-CF092AD1370E}.Debug|Any CPU.Build.0 = Debug|Any CPU
		{53837456-B9DF-4ADB-BD5A-CF092AD1370E}.Release|Any CPU.ActiveCfg = Release|Any CPU
		{53837456-B9DF-4ADB-BD5A-CF092AD1370E}.Release|Any CPU.Build.0 = Release|Any CPU
		{C3EF86B1-748B-4FC2-B531-E76A62C4ABD5}.Debug|Any CPU.ActiveCfg = Debug|Any CPU
		{C3EF86B1-748B-4FC2-B531-E76A62C4ABD5}.Debug|Any CPU.Build.0 = Debug|Any CPU
		{C3EF86B1-748B-4FC2-B531-E76A62C4ABD5}.Release|Any CPU.ActiveCfg = Release|Any CPU
		{C3EF86B1-748B-4FC2-B531-E76A62C4ABD5}.Release|Any CPU.Build.0 = Release|Any CPU
		{2895DC99-D5EA-4298-8E97-1B9E9E5694ED}.Debug|Any CPU.ActiveCfg = Debug|Any CPU
		{2895DC99-D5EA-4298-8E97-1B9E9E5694ED}.Debug|Any CPU.Build.0 = Debug|Any CPU
		{2895DC99-D5EA-4298-8E97-1B9E9E5694ED}.Release|Any CPU.ActiveCfg = Release|Any CPU
		{2895DC99-D5EA-4298-8E97-1B9E9E5694ED}.Release|Any CPU.Build.0 = Release|Any CPU
		{344A63C5-2E44-4022-B55B-02737BB5CD4C}.Debug|Any CPU.ActiveCfg = Debug|Any CPU
		{344A63C5-2E44-4022-B55B-02737BB5CD4C}.Debug|Any CPU.Build.0 = Debug|Any CPU
		{344A63C5-2E44-4022-B55B-02737BB5CD4C}.Release|Any CPU.ActiveCfg = Release|Any CPU
		{344A63C5-2E44-4022-B55B-02737BB5CD4C}.Release|Any CPU.Build.0 = Release|Any CPU
		{E16FD67F-2F1C-4C3E-9006-BF6F593E90CB}.Debug|Any CPU.ActiveCfg = Debug|Any CPU
		{E16FD67F-2F1C-4C3E-9006-BF6F593E90CB}.Debug|Any CPU.Build.0 = Debug|Any CPU
		{E16FD67F-2F1C-4C3E-9006-BF6F593E90CB}.Release|Any CPU.ActiveCfg = Release|Any CPU
		{E16FD67F-2F1C-4C3E-9006-BF6F593E90CB}.Release|Any CPU.Build.0 = Release|Any CPU
		{080AEE9D-ED29-4C24-90EC-58AE8EE655B3}.Debug|Any CPU.ActiveCfg = Debug|Any CPU
		{080AEE9D-ED29-4C24-90EC-58AE8EE655B3}.Debug|Any CPU.Build.0 = Debug|Any CPU
		{080AEE9D-ED29-4C24-90EC-58AE8EE655B3}.Release|Any CPU.ActiveCfg = Release|Any CPU
		{080AEE9D-ED29-4C24-90EC-58AE8EE655B3}.Release|Any CPU.Build.0 = Release|Any CPU
		{4C4F9AC6-CA5D-4469-B92E-67D5F782B145}.Debug|Any CPU.ActiveCfg = Debug|Any CPU
		{4C4F9AC6-CA5D-4469-B92E-67D5F782B145}.Debug|Any CPU.Build.0 = Debug|Any CPU
		{4C4F9AC6-CA5D-4469-B92E-67D5F782B145}.Release|Any CPU.ActiveCfg = Release|Any CPU
		{4C4F9AC6-CA5D-4469-B92E-67D5F782B145}.Release|Any CPU.Build.0 = Release|Any CPU
		{FA0BE50B-379F-4FDA-88DA-13EB9CDC5977}.Debug|Any CPU.ActiveCfg = Debug|Any CPU
		{FA0BE50B-379F-4FDA-88DA-13EB9CDC5977}.Debug|Any CPU.Build.0 = Debug|Any CPU
		{FA0BE50B-379F-4FDA-88DA-13EB9CDC5977}.Release|Any CPU.ActiveCfg = Release|Any CPU
		{FA0BE50B-379F-4FDA-88DA-13EB9CDC5977}.Release|Any CPU.Build.0 = Release|Any CPU
		{2AFDC305-D504-4430-B5AC-377CE09C5821}.Debug|Any CPU.ActiveCfg = Debug|Any CPU
		{2AFDC305-D504-4430-B5AC-377CE09C5821}.Debug|Any CPU.Build.0 = Debug|Any CPU
		{2AFDC305-D504-4430-B5AC-377CE09C5821}.Release|Any CPU.ActiveCfg = Release|Any CPU
		{2AFDC305-D504-4430-B5AC-377CE09C5821}.Release|Any CPU.Build.0 = Release|Any CPU
		{F47AC8CE-E9AC-4671-B47C-5DDE174F23A2}.Debug|Any CPU.ActiveCfg = Debug|Any CPU
		{F47AC8CE-E9AC-4671-B47C-5DDE174F23A2}.Debug|Any CPU.Build.0 = Debug|Any CPU
		{F47AC8CE-E9AC-4671-B47C-5DDE174F23A2}.Release|Any CPU.ActiveCfg = Release|Any CPU
		{F47AC8CE-E9AC-4671-B47C-5DDE174F23A2}.Release|Any CPU.Build.0 = Release|Any CPU
		{04D48145-ED04-43CC-A839-86B3F63CEFD9}.Debug|Any CPU.ActiveCfg = Debug|Any CPU
		{04D48145-ED04-43CC-A839-86B3F63CEFD9}.Debug|Any CPU.Build.0 = Debug|Any CPU
		{04D48145-ED04-43CC-A839-86B3F63CEFD9}.Release|Any CPU.ActiveCfg = Release|Any CPU
		{04D48145-ED04-43CC-A839-86B3F63CEFD9}.Release|Any CPU.Build.0 = Release|Any CPU
		{47CCE2D1-CDA6-4359-9AAF-8D56CAA86B5C}.Debug|Any CPU.ActiveCfg = Debug|Any CPU
		{47CCE2D1-CDA6-4359-9AAF-8D56CAA86B5C}.Debug|Any CPU.Build.0 = Debug|Any CPU
		{47CCE2D1-CDA6-4359-9AAF-8D56CAA86B5C}.Release|Any CPU.ActiveCfg = Release|Any CPU
		{47CCE2D1-CDA6-4359-9AAF-8D56CAA86B5C}.Release|Any CPU.Build.0 = Release|Any CPU
	EndGlobalSection
	GlobalSection(SolutionProperties) = preSolution
		HideSolutionNode = FALSE
	EndGlobalSection
	GlobalSection(NestedProjects) = preSolution
		{FE4B25FF-9475-4A46-B74D-081B182236B6} = {400B198B-2675-4717-80C3-BE491C54B133}
		{FACBE4EE-511C-4CE2-BE87-7D818446F606} = {400B198B-2675-4717-80C3-BE491C54B133}
		{B1966193-16A0-46C3-B44C-D7BF211650C1} = {400B198B-2675-4717-80C3-BE491C54B133}
		{F1969EEA-158C-44F7-AF0E-7025E3A2CD6B} = {400B198B-2675-4717-80C3-BE491C54B133}
		{080AEE9D-ED29-4C24-90EC-58AE8EE655B3} = {CAA18C53-9E8B-4EB0-B3C7-1BDE728A7748}
		{4C4F9AC6-CA5D-4469-B92E-67D5F782B145} = {400B198B-2675-4717-80C3-BE491C54B133}
		{FA0BE50B-379F-4FDA-88DA-13EB9CDC5977} = {400B198B-2675-4717-80C3-BE491C54B133}
		{2AFDC305-D504-4430-B5AC-377CE09C5821} = {400B198B-2675-4717-80C3-BE491C54B133}
		{F47AC8CE-E9AC-4671-B47C-5DDE174F23A2} = {400B198B-2675-4717-80C3-BE491C54B133}
		{04D48145-ED04-43CC-A839-86B3F63CEFD9} = {400B198B-2675-4717-80C3-BE491C54B133}
		{47CCE2D1-CDA6-4359-9AAF-8D56CAA86B5C} = {400B198B-2675-4717-80C3-BE491C54B133}
	EndGlobalSection
EndGlobal
